{
 "graph_lock": {
  "nodes": {
   "0": {
    "options": "assimp:double_precision=False\nassimp:shared=False\nassimp:with_3d=True\nassimp:with_3ds=True\nassimp:with_3ds_exporter=True\nassimp:with_3mf=True\nassimp:with_3mf_exporter=True\nassimp:with_ac=True\nassimp:with_amf=True\nassimp:with_ase=True\nassimp:with_assbin=True\nassimp:with_assbin_exporter=True\nassimp:with_assjson_exporter=True\nassimp:with_assxml_exporter=True\nassimp:with_b3d=True\nassimp:with_blend=True\nassimp:with_bvh=True\nassimp:with_cob=True\nassimp:with_collada=True\nassimp:with_collada_exporter=True\nassimp:with_csm=True\nassimp:with_dxf=True\nassimp:with_fbx=True\nassimp:with_fbx_exporter=True\nassimp:with_gltf=True\nassimp:with_gltf_exporter=True\nassimp:with_hmp=True\nassimp:with_ifc=True\nassimp:with_irr=True\nassimp:with_irrmesh=True\nassimp:with_lwo=True\nassimp:with_lws=True\nassimp:with_md2=True\nassimp:with_md3=True\nassimp:with_md5=True\nassimp:with_mdc=True\nassimp:with_mdl=True\nassimp:with_mmd=True\nassimp:with_ms3d=True\nassimp:with_ndo=True\nassimp:with_nff=True\nassimp:with_obj=True\nassimp:with_obj_exporter=True\nassimp:with_off=True\nassimp:with_ogre=True\nassimp:with_opengex=True\nassimp:with_opengex_exporter=True\nassimp:with_ply=True\nassimp:with_ply_exporter=True\nassimp:with_q3bsp=True\nassimp:with_q3d=True\nassimp:with_raw=True\nassimp:with_sib=True\nassimp:with_smd=True\nassimp:with_step=True\nassimp:with_step_exporter=True\nassimp:with_stl=True\nassimp:with_stl_exporter=True\nassimp:with_terragen=True\nassimp:with_x=True\nassimp:with_x3d=True\nassimp:with_x3d_exporter=True\nassimp:with_x_exporter=True\nassimp:with_xgl=True\nboost:asio_no_deprecated=False\nboost:bzip2=True\nboost:debug_level=0\nboost:diagnostic_definitions=False\nboost:error_code_header_only=False\nboost:extra_b2_flags=None\nboost:filesystem_no_deprecated=False\nboost:header_only=False\nboost:i18n_backend=deprecated\nboost:i18n_backend_iconv=off\nboost:i18n_backend_icu=False\nboost:layout=system\nboost:lzma=False\nboost:magic_autolink=False\nboost:multithreading=True\nboost:namespace=boost\nboost:namespace_alias=False\nboost:numa=False\nboost:pch=True\nboost:python_executable=None\nboost:python_version=None\nboost:segmented_stacks=False\nboost:shared=False\nboost:system_no_deprecated=False\nboost:visibility=hidden\nboost:without_atomic=False\nboost:without_chrono=False\nboost:without_container=False\nboost:without_context=False\nboost:without_contract=False\nboost:without_coroutine=False\nboost:without_date_time=False\nboost:without_exception=False\nboost:without_fiber=False\nboost:without_filesystem=False\nboost:without_graph=False\nboost:without_graph_parallel=True\nboost:without_iostreams=False\nboost:without_locale=False\nboost:without_log=False\nboost:without_math=False\nboost:without_mpi=True\nboost:without_nowide=False\nboost:without_program_options=False\nboost:without_python=True\nboost:without_random=False\nboost:without_regex=False\nboost:without_serialization=False\nboost:without_stacktrace=False\nboost:without_system=False\nboost:without_test=False\nboost:without_thread=False\nboost:without_timer=False\nboost:without_type_erasure=False\nboost:without_wave=False\nboost:zlib=True\nboost:zstd=False\nbrotli:shared=False\nbzip2:build_executable=True\nbzip2:shared=False\nfmt:header_only=False\nfmt:shared=False\nfmt:with_fmt_alias=False\nfreetype:shared=False\nfreetype:with_brotli=True\nfreetype:with_bzip2=True\nfreetype:with_png=True\nfreetype:with_zlib=True\ngiflib:shared=False\nglfw:shared=False\nglfw:vulkan_static=False\nimgui:shared=False\nirrxml:shared=False\njbig:build_executables=True\njbig:shared=False\nkuba-zip:shared=False\nlcms:shared=False\nlibjpeg:shared=False\nlibpng:api_prefix=None\nlibpng:shared=False\nlibsquish:openmp=False\nlibsquish:shared=False\nlibsquish:sse2_intrinsics=False\nlibtiff:cxx=True\nlibtiff:jbig=True\nlibtiff:jpeg=libjpeg\nlibtiff:lzma=True\nlibtiff:shared=False\nlibtiff:webp=True\nlibtiff:zlib=True\nlibtiff:zstd=True\nlibwebp:near_lossless=True\nlibwebp:shared=False\nlibwebp:swap_16bit_csp=False\nlibwebp:with_simd=True\nminizip:bzip2=True\nminizip:shared=False\nminizip:tools=False\nopencolorio:shared=False\nopenexr:shared=False\nopenimageio:shared=False\nopenimageio:with_dicom=False\nopenimageio:with_raw=False\nopenjpeg:build_codec=False\nopenjpeg:shared=False\npoly2tri:shared=False\npugixml:header_only=False\npugixml:no_exceptions=False\npugixml:shared=False\npugixml:wchar_mode=False\nxz_utils:shared=False\nyaml-cpp:shared=False\nzlib:minizip=deprecated\nzlib:shared=False\nzstd:shared=False",
    "requires": [
     "1",
     "2",
     "3",
     "5",
     "28"
    ],
    "path": "..\\conanfile.txt",
    "context": "host"
   },
   "1": {
    "ref": "imgui/1.83",
    "options": "shared=False",
    "package_id": "3fb49604f9c2f729b85ba3115852006824e72cab",
    "prev": "0",
    "context": "host"
   },
   "2": {
    "ref": "glm/0.9.9.8",
    "options": "",
    "package_id": "5ab84d6acfe1f23c4fae0ab88f26e3a396351ac9",
    "prev": "0",
    "context": "host"
   },
   "3": {
    "ref": "glfw/3.3.4",
    "options": "shared=False\nvulkan_static=False",
    "package_id": "d3cffeefc8c8bcb6be8abdd182cb1b56fc81bacc",
    "prev": "0",
    "requires": [
     "4"
    ],
    "context": "host"
   },
   "4": {
    "ref": "opengl/system",
    "options": "",
    "package_id": "5ab84d6acfe1f23c4fae0ab88f26e3a396351ac9",
    "prev": "0",
    "context": "host"
   },
   "5": {
    "ref": "openimageio/2.2.7.0",
    "options": "shared=False\nwith_dicom=False\nwith_raw=False\nboost:asio_no_deprecated=False\nboost:bzip2=True\nboost:debug_level=0\nboost:diagnostic_definitions=False\nboost:error_code_header_only=False\nboost:extra_b2_flags=None\nboost:filesystem_no_deprecated=False\nboost:header_only=False\nboost:i18n_backend=deprecated\nboost:i18n_backend_iconv=off\nboost:i18n_backend_icu=False\nboost:layout=system\nboost:lzma=False\nboost:magic_autolink=False\nboost:multithreading=True\nboost:namespace=boost\nboost:namespace_alias=False\nboost:numa=False\nboost:pch=True\nboost:python_executable=None\nboost:python_version=None\nboost:segmented_stacks=False\nboost:shared=False\nboost:system_no_deprecated=False\nboost:visibility=hidden\nboost:without_atomic=False\nboost:without_chrono=False\nboost:without_container=False\nboost:without_context=False\nboost:without_contract=False\nboost:without_coroutine=False\nboost:without_date_time=False\nboost:without_exception=False\nboost:without_fiber=False\nboost:without_filesystem=False\nboost:without_graph=False\nboost:without_graph_parallel=True\nboost:without_iostreams=False\nboost:without_locale=False\nboost:without_log=False\nboost:without_math=False\nboost:without_mpi=True\nboost:without_nowide=False\nboost:without_program_options=False\nboost:without_python=True\nboost:without_random=False\nboost:without_regex=False\nboost:without_serialization=False\nboost:without_stacktrace=False\nboost:without_system=False\nboost:without_test=False\nboost:without_thread=False\nboost:without_timer=False\nboost:without_type_erasure=False\nboost:without_wave=False\nboost:zlib=True\nboost:zstd=False\nbrotli:shared=False\nbzip2:build_executable=True\nbzip2:shared=False\nfmt:header_only=False\nfmt:shared=False\nfmt:with_fmt_alias=False\nfreetype:shared=False\nfreetype:with_brotli=True\nfreetype:with_bzip2=True\nfreetype:with_png=True\nfreetype:with_zlib=True\ngiflib:shared=False\njbig:build_executables=True\njbig:shared=False\nlcms:shared=False\nlibjpeg:shared=False\nlibpng:api_prefix=None\nlibpng:shared=False\nlibsquish:openmp=False\nlibsquish:shared=False\nlibsquish:sse2_intrinsics=False\nlibtiff:cxx=True\nlibtiff:jbig=True\nlibtiff:jpeg=libjpeg\nlibtiff:lzma=True\nlibtiff:shared=False\nlibtiff:webp=True\nlibtiff:zlib=True\nlibtiff:zstd=True\nlibwebp:near_lossless=True\nlibwebp:shared=False\nlibwebp:swap_16bit_csp=False\nlibwebp:with_simd=True\nopencolorio:shared=False\nopenexr:shared=False\nopenjpeg:build_codec=False\nopenjpeg:shared=False\npugixml:header_only=False\npugixml:no_exceptions=False\npugixml:shared=False\npugixml:wchar_mode=False\nxz_utils:shared=False\nyaml-cpp:shared=False\nzlib:minizip=deprecated\nzlib:shared=False\nzstd:shared=False",
    "package_id": "e87d76832efc6af4cfff593eb231be69f1ba28cc",
    "prev": "0",
    "requires": [
     "6",
     "8",
     "14",
     "15",
     "17",
     "18",
     "19",
     "20",
     "13",
     "21",
     "22",
     "23",
     "25",
     "10"
    ],
    "context": "host"
   },
   "6": {
    "ref": "openexr/2.5.2",
    "options": "shared=False\nzlib:minizip=deprecated\nzlib:shared=False",
    "package_id": "d140711d95cc16a85766a8fc3a551dfafe84cf63",
    "prev": "0",
    "requires": [
     "7"
    ],
    "context": "host"
   },
   "7": {
    "ref": "zlib/1.2.11",
    "options": "minizip=deprecated\nshared=False",
    "package_id": "3fb49604f9c2f729b85ba3115852006824e72cab",
    "prev": "0",
    "context": "host"
   },
   "8": {
    "ref": "libtiff/4.1.0",
    "options": "cxx=True\njbig=True\njpeg=libjpeg\nlzma=True\nshared=False\nwebp=True\nzlib=True\nzstd=True\njbig:build_executables=True\njbig:shared=False\nlibjpeg:shared=False\nlibwebp:near_lossless=True\nlibwebp:shared=False\nlibwebp:swap_16bit_csp=False\nlibwebp:with_simd=True\nxz_utils:shared=False\nzlib:minizip=deprecated\nzlib:shared=False\nzstd:shared=False",
    "package_id": "6916df94fb880f178c7cb69b9dfd0faa0815a236",
    "prev": "0",
    "requires": [
     "7",
     "9",
     "10",
     "11",
     "12",
     "13"
    ],
    "context": "host"
   },
   "9": {
    "ref": "xz_utils/5.2.5",
    "options": "shared=False",
    "package_id": "3fb49604f9c2f729b85ba3115852006824e72cab",
    "prev": "0",
    "context": "host"
   },
   "10": {
    "ref": "libjpeg/9d",
    "options": "shared=False",
    "package_id": "3fb49604f9c2f729b85ba3115852006824e72cab",
    "prev": "0",
    "context": "host"
   },
   "11": {
    "ref": "jbig/20160605",
    "options": "build_executables=True\nshared=False",
    "package_id": "1c06f8aa5b65435590877732bd94377a1ed95260",
    "prev": "0",
    "context": "host"
   },
   "12": {
    "ref": "zstd/1.5.0",
    "options": "shared=False",
    "package_id": "3fb49604f9c2f729b85ba3115852006824e72cab",
    "prev": "0",
    "context": "host"
   },
   "13": {
    "ref": "libwebp/1.1.0",
    "options": "near_lossless=True\nshared=False\nswap_16bit_csp=False\nwith_simd=True",
    "package_id": "638042d3fd356128c913f5e725646a0c2af264c7",
    "prev": "0",
    "context": "host"
   },
   "14": {
    "ref": "fmt/7.0.3",
    "options": "header_only=False\nshared=False\nwith_fmt_alias=False",
    "package_id": "3fb49604f9c2f729b85ba3115852006824e72cab",
    "prev": "0",
    "context": "host"
   },
   "15": {
    "ref": "boost/1.74.0",
    "options": "asio_no_deprecated=False\nbzip2=True\ndebug_level=0\ndiagnostic_definitions=False\nerror_code_header_only=False\nextra_b2_flags=None\nfilesystem_no_deprecated=False\nheader_only=False\ni18n_backend=deprecated\ni18n_backend_iconv=off\ni18n_backend_icu=False\nlayout=system\nlzma=False\nmagic_autolink=False\nmultithreading=True\nnamespace=boost\nnamespace_alias=False\nnuma=False\npch=True\npython_executable=None\npython_version=None\nsegmented_stacks=False\nshared=False\nsystem_no_deprecated=False\nvisibility=hidden\nwithout_atomic=False\nwithout_chrono=False\nwithout_container=False\nwithout_context=False\nwithout_contract=False\nwithout_coroutine=False\nwithout_date_time=False\nwithout_exception=False\nwithout_fiber=False\nwithout_filesystem=False\nwithout_graph=False\nwithout_graph_parallel=True\nwithout_iostreams=False\nwithout_locale=False\nwithout_log=False\nwithout_math=False\nwithout_mpi=True\nwithout_nowide=False\nwithout_program_options=False\nwithout_python=True\nwithout_random=False\nwithout_regex=False\nwithout_serialization=False\nwithout_stacktrace=False\nwithout_system=False\nwithout_test=False\nwithout_thread=False\nwithout_timer=False\nwithout_type_erasure=False\nwithout_wave=False\nzlib=True\nzstd=False\nbzip2:build_executable=True\nbzip2:shared=False\nzlib:minizip=deprecated\nzlib:shared=False",
    "package_id": "a60baac5107ef779a5865836fcb50c28ae423a0b",
    "prev": "0",
    "requires": [
     "7",
     "16"
    ],
    "context": "host"
   },
   "16": {
    "ref": "bzip2/1.0.8",
    "options": "build_executable=True\nshared=False",
    "package_id": "d16a91eadaaf5829b928b12d2f836ff7680d3df5",
    "prev": "0",
    "context": "host"
   },
   "17": {
    "ref": "tsl-robin-map/0.6.3",
    "options": "",
    "package_id": "5ab84d6acfe1f23c4fae0ab88f26e3a396351ac9",
    "prev": "0",
    "context": "host"
   },
   "18": {
    "ref": "pugixml/1.10",
    "options": "header_only=False\nno_exceptions=False\nshared=False\nwchar_mode=False",
    "package_id": "3fb49604f9c2f729b85ba3115852006824e72cab",
    "prev": "0",
    "context": "host"
   },
   "19": {
    "ref": "libsquish/1.15",
    "options": "openmp=False\nshared=False\nsse2_intrinsics=False",
    "package_id": "3fb49604f9c2f729b85ba3115852006824e72cab",
    "prev": "0",
    "context": "host"
   },
   "20": {
    "ref": "libpng/1.6.37",
    "options": "api_prefix=None\nshared=False\nzlib:minizip=deprecated\nzlib:shared=False",
    "package_id": "d140711d95cc16a85766a8fc3a551dfafe84cf63",
    "prev": "0",
    "requires": [
     "7"
    ],
    "context": "host"
   },
   "21": {
    "ref": "openjpeg/2.3.1",
    "options": "build_codec=False\nshared=False",
    "package_id": "3fb49604f9c2f729b85ba3115852006824e72cab",
    "prev": "0",
    "context": "host"
   },
   "22": {
    "ref": "giflib/5.2.1",
    "options": "shared=False",
    "package_id": "3fb49604f9c2f729b85ba3115852006824e72cab",
    "prev": "0",
    "context": "host"
   },
   "23": {
    "ref": "freetype/2.10.2",
    "options": "shared=False\nwith_brotli=True\nwith_bzip2=True\nwith_png=True\nwith_zlib=True\nbrotli:shared=False\nbzip2:build_executable=True\nbzip2:shared=False\nlibpng:api_prefix=None\nlibpng:shared=False\nzlib:minizip=deprecated\nzlib:shared=False",
    "package_id": "27b2733304cef577b19f699fec3a5bdbefb36d16",
    "prev": "0",
    "requires": [
     "20",
     "7",
     "16",
     "24"
    ],
    "context": "host"
   },
   "24": {
    "ref": "brotli/1.0.9",
    "options": "shared=False",
    "package_id": "3fb49604f9c2f729b85ba3115852006824e72cab",
    "prev": "0",
    "context": "host"
   },
   "25": {
    "ref": "opencolorio/1.1.1",
    "options": "shared=False\nlcms:shared=False\nyaml-cpp:shared=False",
    "package_id": "a7d7488418cb3d62b4c5dc93873b6cb6d0a14be8",
    "prev": "0",
    "requires": [
     "26",
     "27"
    ],
    "context": "host"
   },
   "26": {
    "ref": "lcms/2.11",
    "options": "shared=False",
    "package_id": "3fb49604f9c2f729b85ba3115852006824e72cab",
    "prev": "0",
    "context": "host"
   },
   "27": {
    "ref": "yaml-cpp/0.6.3",
    "options": "shared=False",
    "package_id": "3fb49604f9c2f729b85ba3115852006824e72cab",
    "prev": "0",
    "context": "host"
   },
   "28": {
    "ref": "assimp/5.0.1",
    "options": "double_precision=False\nshared=False\nwith_3d=True\nwith_3ds=True\nwith_3ds_exporter=True\nwith_3mf=True\nwith_3mf_exporter=True\nwith_ac=True\nwith_amf=True\nwith_ase=True\nwith_assbin=True\nwith_assbin_exporter=True\nwith_assjson_exporter=True\nwith_assxml_exporter=True\nwith_b3d=True\nwith_blend=True\nwith_bvh=True\nwith_cob=True\nwith_collada=True\nwith_collada_exporter=True\nwith_csm=True\nwith_dxf=True\nwith_fbx=True\nwith_fbx_exporter=True\nwith_gltf=True\nwith_gltf_exporter=True\nwith_hmp=True\nwith_ifc=True\nwith_irr=True\nwith_irrmesh=True\nwith_lwo=True\nwith_lws=True\nwith_md2=True\nwith_md3=True\nwith_md5=True\nwith_mdc=True\nwith_mdl=True\nwith_mmd=True\nwith_ms3d=True\nwith_ndo=True\nwith_nff=True\nwith_obj=True\nwith_obj_exporter=True\nwith_off=True\nwith_ogre=True\nwith_opengex=True\nwith_opengex_exporter=True\nwith_ply=True\nwith_ply_exporter=True\nwith_q3bsp=True\nwith_q3d=True\nwith_raw=True\nwith_sib=True\nwith_smd=True\nwith_step=True\nwith_step_exporter=True\nwith_stl=True\nwith_stl_exporter=True\nwith_terragen=True\nwith_x=True\nwith_x3d=True\nwith_x3d_exporter=True\nwith_x_exporter=True\nwith_xgl=True\nbzip2:build_executable=True\nbzip2:shared=False\nirrxml:shared=False\nkuba-zip:shared=False\nminizip:bzip2=True\nminizip:shared=False\nminizip:tools=False\npoly2tri:shared=False\nzlib:minizip=deprecated\nzlib:shared=False",
    "package_id": "f58d7797d1bf95ea392fb61c670aab283acdc2e4",
    "prev": "0",
    "requires": [
     "29",
     "30",
     "31",
     "32",
     "33",
     "34",
     "7"
    ],
    "context": "host"
   },
   "29": {
    "ref": "irrxml/1.2",
    "options": "shared=False",
    "package_id": "3fb49604f9c2f729b85ba3115852006824e72cab",
    "prev": "0",
    "context": "host"
   },
   "30": {
    "ref": "minizip/1.2.11",
    "options": "bzip2=True\nshared=False\ntools=False\nbzip2:build_executable=True\nbzip2:shared=False\nzlib:minizip=deprecated\nzlib:shared=False",
    "package_id": "153ff990bb7a331b443365f9878a3991adbdea9d",
    "prev": "0",
    "requires": [
     "7",
     "16"
    ],
    "context": "host"
   },
   "31": {
    "ref": "utfcpp/3.1.2",
    "options": "",
    "package_id": "5ab84d6acfe1f23c4fae0ab88f26e3a396351ac9",
    "prev": "0",
    "context": "host"
   },
   "32": {
    "ref": "kuba-zip/0.1.31",
    "options": "shared=False",
    "package_id": "3fb49604f9c2f729b85ba3115852006824e72cab",
    "prev": "0",
    "context": "host"
   },
   "33": {
    "ref": "poly2tri/cci.20130502",
    "options": "shared=False",
    "package_id": "3fb49604f9c2f729b85ba3115852006824e72cab",
    "prev": "0",
    "context": "host"
   },
   "34": {
    "ref": "rapidjson/cci.20200410",
    "options": "",
    "package_id": "5ab84d6acfe1f23c4fae0ab88f26e3a396351ac9",
    "prev": "0",
    "context": "host"
   }
  },
  "revisions_enabled": false
 },
 "version": "0.4",
 "profile_host": "[settings]\narch=x86_64\narch_build=x86_64\nbuild_type=Release\ncompiler=Visual Studio\ncompiler.runtime=MD\ncompiler.version=16\nos=Windows\nos_build=Windows\n[options]\n[build_requires]\n[env]\n"
}